
Microsoft Visual Studio Solution File, Format Version 12.00
# Visual Studio Version 17
VisualStudioVersion = 17.5.002.0
MinimumVisualStudioVersion = 10.0.40219.1
Project("{9A19103F-16F7-4668-BE54-9A1E7A4F7556}") = "URL_shortener", "URL_shortener.csproj", "{5B26EBE1-9A26-487E-8580-DA0D99EF5798}"
EndProject
Global
	GlobalSection(SolutionConfigurationPlatforms) = preSolution
		Debug|Any CPU = Debug|Any CPU
		Release|Any CPU = Release|Any CPU
	EndGlobalSection
	GlobalSection(ProjectConfigurationPlatforms) = postSolution
		{5B26EBE1-9A26-487E-8580-DA0D99EF5798}.Debug|Any CPU.ActiveCfg = Debug|Any CPU
		{5B26EBE1-9A26-487E-8580-DA0D99EF5798}.Debug|Any CPU.Build.0 = Debug|Any CPU
		{5B26EBE1-9A26-487E-8580-DA0D99EF5798}.Release|Any CPU.ActiveCfg = Release|Any CPU
		{5B26EBE1-9A26-487E-8580-DA0D99EF5798}.Release|Any CPU.Build.0 = Release|Any CPU
	EndGlobalSection
	GlobalSection(SolutionProperties) = preSolution
		HideSolutionNode = FALSE
	EndGlobalSection
	GlobalSection(ExtensibilityGlobals) = postSolution
		SolutionGuid = {6C24244D-3696-437A-A971-F7CA459C3CD2}
	EndGlobalSection
EndGlobal
